// !$*UTF8*$!
{
	archiveVersion = 1;
	classes = {
	};
	objectVersion = 46;
	objects = {

/* Begin PBXBuildFile section */
		9FF4CA7D1CA134E1005285B4 /* main.m in Sources */ = {isa = PBXBuildFile; fileRef = 9FF4CA7C1CA134E1005285B4 /* main.m */; };
		9FF4CA801CA134E1005285B4 /* AppDelegate.m in Sources */ = {isa = PBXBuildFile; fileRef = 9FF4CA7F1CA134E1005285B4 /* AppDelegate.m */; };
		9FF4CA861CA134E1005285B4 /* Main.storyboard in Resources */ = {isa = PBXBuildFile; fileRef = 9FF4CA841CA134E1005285B4 /* Main.storyboard */; };
		9FF4CA881CA134E1005285B4 /* Assets.xcassets in Resources */ = {isa = PBXBuildFile; fileRef = 9FF4CA871CA134E1005285B4 /* Assets.xcassets */; };
		9FF4CA8B1CA134E1005285B4 /* LaunchScreen.storyboard in Resources */ = {isa = PBXBuildFile; fileRef = 9FF4CA891CA134E1005285B4 /* LaunchScreen.storyboard */; };
		9FF4CA961CA134E2005285B4 /* AnimationVCTests.m in Sources */ = {isa = PBXBuildFile; fileRef = 9FF4CA951CA134E2005285B4 /* AnimationVCTests.m */; };
		9FF4CAA11CA134E2005285B4 /* AnimationVCUITests.m in Sources */ = {isa = PBXBuildFile; fileRef = 9FF4CAA01CA134E2005285B4 /* AnimationVCUITests.m */; };
		9FF4CAB01CA135BC005285B4 /* LQBRootViewController.m in Sources */ = {isa = PBXBuildFile; fileRef = 9FF4CAAF1CA135BC005285B4 /* LQBRootViewController.m */; };
		9FF4CAB41CA135E2005285B4 /* LQBPresentedViewController.m in Sources */ = {isa = PBXBuildFile; fileRef = 9FF4CAB21CA135E2005285B4 /* LQBPresentedViewController.m */; };
		9FF4CAB51CA135E2005285B4 /* LQBPresentedViewController.xib in Resources */ = {isa = PBXBuildFile; fileRef = 9FF4CAB31CA135E2005285B4 /* LQBPresentedViewController.xib */; };
		9FF4CAB81CA13631005285B4 /* LQBAnimationViewController.m in Sources */ = {isa = PBXBuildFile; fileRef = 9FF4CAB71CA13631005285B4 /* LQBAnimationViewController.m */; };
/* End PBXBuildFile section */

/* Begin PBXContainerItemProxy section */
		9FF4CA921CA134E2005285B4 /* PBXContainerItemProxy */ = {
			isa = PBXContainerItemProxy;
			containerPortal = 9FF4CA701CA134E1005285B4 /* Project object */;
			proxyType = 1;
			remoteGlobalIDString = 9FF4CA771CA134E1005285B4;
			remoteInfo = AnimationVC;
		};
		9FF4CA9D1CA134E2005285B4 /* PBXContainerItemProxy */ = {
			isa = PBXContainerItemProxy;
			containerPortal = 9FF4CA701CA134E1005285B4 /* Project object */;
			proxyType = 1;
			remoteGlobalIDString = 9FF4CA771CA134E1005285B4;
			remoteInfo = AnimationVC;
		};
/* End PBXContainerItemProxy section */

/* Begin PBXFileReference section */
		9FF4CA781CA134E1005285B4 /* AnimationVC.app */ = {isa = PBXFileReference; explicitFileType = wrapper.application; includeInIndex = 0; path = AnimationVC.app; sourceTree = BUILT_PRODUCTS_DIR; };
		9FF4CA7C1CA134E1005285B4 /* main.m */ = {isa = PBXFileReference; lastKnownFileType = sourcecode.c.objc; path = main.m; sourceTree = "<group>"; };
		9FF4CA7E1CA134E1005285B4 /* AppDelegate.h */ = {isa = PBXFileReference; lastKnownFileType = sourcecode.c.h; path = AppDelegate.h; sourceTree = "<group>"; };
		9FF4CA7F1CA134E1005285B4 /* AppDelegate.m */ = {isa = PBXFileReference; lastKnownFileType = sourcecode.c.objc; path = AppDelegate.m; sourceTree = "<group>"; };
		9FF4CA851CA134E1005285B4 /* Base */ = {isa = PBXFileReference; lastKnownFileType = file.storyboard; name = Base; path = Base.lproj/Main.storyboard; sourceTree = "<group>"; };
		9FF4CA871CA134E1005285B4 /* Assets.xcassets */ = {isa = PBXFileReference; lastKnownFileType = folder.assetcatalog; path = Assets.xcassets; sourceTree = "<group>"; };
		9FF4CA8A1CA134E1005285B4 /* Base */ = {isa = PBXFileReference; lastKnownFileType = file.storyboard; name = Base; path = Base.lproj/LaunchScreen.storyboard; sourceTree = "<group>"; };
		9FF4CA8C1CA134E1005285B4 /* Info.plist */ = {isa = PBXFileReference; lastKnownFileType = text.plist.xml; path = Info.plist; sourceTree = "<group>"; };
		9FF4CA911CA134E2005285B4 /* AnimationVCTests.xctest */ = {isa = PBXFileReference; explicitFileType = wrapper.cfbundle; includeInIndex = 0; path = AnimationVCTests.xctest; sourceTree = BUILT_PRODUCTS_DIR; };
		9FF4CA951CA134E2005285B4 /* AnimationVCTests.m */ = {isa = PBXFileReference; lastKnownFileType = sourcecode.c.objc; path = AnimationVCTests.m; sourceTree = "<group>"; };
		9FF4CA971CA134E2005285B4 /* Info.plist */ = {isa = PBXFileReference; lastKnownFileType = text.plist.xml; path = Info.plist; sourceTree = "<group>"; };
		9FF4CA9C1CA134E2005285B4 /* AnimationVCUITests.xctest */ = {isa = PBXFileReference; explicitFileType = wrapper.cfbundle; includeInIndex = 0; path = AnimationVCUITests.xctest; sourceTree = BUILT_PRODUCTS_DIR; };
		9FF4CAA01CA134E2005285B4 /* AnimationVCUITests.m */ = {isa = PBXFileReference; lastKnownFileType = sourcecode.c.objc; path = AnimationVCUITests.m; sourceTree = "<group>"; };
		9FF4CAA21CA134E2005285B4 /* Info.plist */ = {isa = PBXFileReference; lastKnownFileType = text.plist.xml; path = Info.plist; sourceTree = "<group>"; };
		9FF4CAAE1CA135BC005285B4 /* LQBRootViewController.h */ = {isa = PBXFileReference; fileEncoding = 4; lastKnownFileType = sourcecode.c.h; path = LQBRootViewController.h; sourceTree = "<group>"; };
		9FF4CAAF1CA135BC005285B4 /* LQBRootViewController.m */ = {isa = PBXFileReference; fileEncoding = 4; lastKnownFileType = sourcecode.c.objc; path = LQBRootViewController.m; sourceTree = "<group>"; };
		9FF4CAB11CA135E2005285B4 /* LQBPresentedViewController.h */ = {isa = PBXFileReference; fileEncoding = 4; lastKnownFileType = sourcecode.c.h; path = LQBPresentedViewController.h; sourceTree = "<group>"; };
		9FF4CAB21CA135E2005285B4 /* LQBPresentedViewController.m */ = {isa = PBXFileReference; fileEncoding = 4; lastKnownFileType = sourcecode.c.objc; path = LQBPresentedViewController.m; sourceTree = "<group>"; };
		9FF4CAB31CA135E2005285B4 /* LQBPresentedViewController.xib */ = {isa = PBXFileReference; fileEncoding = 4; lastKnownFileType = file.xib; path = LQBPresentedViewController.xib; sourceTree = "<group>"; };
		9FF4CAB61CA13631005285B4 /* LQBAnimationViewController.h */ = {isa = PBXFileReference; fileEncoding = 4; lastKnownFileType = sourcecode.c.h; path = LQBAnimationViewController.h; sourceTree = "<group>"; };
		9FF4CAB71CA13631005285B4 /* LQBAnimationViewController.m */ = {isa = PBXFileReference; fileEncoding = 4; lastKnownFileType = sourcecode.c.objc; path = LQBAnimationViewController.m; sourceTree = "<group>"; };
/* End PBXFileReference section */

/* Begin PBXFrameworksBuildPhase section */
		9FF4CA751CA134E1005285B4 /* Frameworks */ = {
			isa = PBXFrameworksBuildPhase;
			buildActionMask = 2147483647;
			files = (
			);
			runOnlyForDeploymentPostprocessing = 0;
		};
		9FF4CA8E1CA134E2005285B4 /* Frameworks */ = {
			isa = PBXFrameworksBuildPhase;
			buildActionMask = 2147483647;
			files = (
			);
			runOnlyForDeploymentPostprocessing = 0;
		};
		9FF4CA991CA134E2005285B4 /* Frameworks */ = {
			isa = PBXFrameworksBuildPhase;
			buildActionMask = 2147483647;
			files = (
			);
			runOnlyForDeploymentPostprocessing = 0;
		};
/* End PBXFrameworksBuildPhase section */

/* Begin PBXGroup section */
		9FF4CA6F1CA134E1005285B4 = {
			isa = PBXGroup;
			children = (
				9FF4CA7A1CA134E1005285B4 /* AnimationVC */,
				9FF4CA941CA134E2005285B4 /* AnimationVCTests */,
				9FF4CA9F1CA134E2005285B4 /* AnimationVCUITests */,
				9FF4CA791CA134E1005285B4 /* Products */,
			);
			sourceTree = "<group>";
		};
		9FF4CA791CA134E1005285B4 /* Products */ = {
			isa = PBXGroup;
			children = (
				9FF4CA781CA134E1005285B4 /* AnimationVC.app */,
				9FF4CA911CA134E2005285B4 /* AnimationVCTests.xctest */,
				9FF4CA9C1CA134E2005285B4 /* AnimationVCUITests.xctest */,
			);
			name = Products;
			sourceTree = "<group>";
		};
		9FF4CA7A1CA134E1005285B4 /* AnimationVC */ = {
			isa = PBXGroup;
			children = (
				9FF4CA7E1CA134E1005285B4 /* AppDelegate.h */,
				9FF4CA7F1CA134E1005285B4 /* AppDelegate.m */,
				9FF4CAAE1CA135BC005285B4 /* LQBRootViewController.h */,
				9FF4CAAF1CA135BC005285B4 /* LQBRootViewController.m */,
				9FF4CAB11CA135E2005285B4 /* LQBPresentedViewController.h */,
				9FF4CAB21CA135E2005285B4 /* LQBPresentedViewController.m */,
				9FF4CAB31CA135E2005285B4 /* LQBPresentedViewController.xib */,
				9FF4CAB61CA13631005285B4 /* LQBAnimationViewController.h */,
				9FF4CAB71CA13631005285B4 /* LQBAnimationViewController.m */,
				9FF4CA841CA134E1005285B4 /* Main.storyboard */,
				9FF4CA871CA134E1005285B4 /* Assets.xcassets */,
				9FF4CA891CA134E1005285B4 /* LaunchScreen.storyboard */,
				9FF4CA8C1CA134E1005285B4 /* Info.plist */,
				9FF4CA7B1CA134E1005285B4 /* Supporting Files */,
			);
			path = AnimationVC;
			sourceTree = "<group>";
		};
		9FF4CA7B1CA134E1005285B4 /* Supporting Files */ = {
			isa = PBXGroup;
			children = (
				9FF4CA7C1CA134E1005285B4 /* main.m */,
			);
			name = "Supporting Files";
			sourceTree = "<group>";
		};
		9FF4CA941CA134E2005285B4 /* AnimationVCTests */ = {
			isa = PBXGroup;
			children = (
				9FF4CA951CA134E2005285B4 /* AnimationVCTests.m */,
				9FF4CA971CA134E2005285B4 /* Info.plist */,
			);
			path = AnimationVCTests;
			sourceTree = "<group>";
		};
		9FF4CA9F1CA134E2005285B4 /* AnimationVCUITests */ = {
			isa = PBXGroup;
			children = (
				9FF4CAA01CA134E2005285B4 /* AnimationVCUITests.m */,
				9FF4CAA21CA134E2005285B4 /* Info.plist */,
			);
			path = AnimationVCUITests;
			sourceTree = "<group>";
		};
/* End PBXGroup section */

/* Begin PBXNativeTarget section */
		9FF4CA771CA134E1005285B4 /* AnimationVC */ = {
			isa = PBXNativeTarget;
			buildConfigurationList = 9FF4CAA51CA134E2005285B4 /* Build configuration list for PBXNativeTarget "AnimationVC" */;
			buildPhases = (
				9FF4CA741CA134E1005285B4 /* Sources */,
				9FF4CA751CA134E1005285B4 /* Frameworks */,
				9FF4CA761CA134E1005285B4 /* Resources */,
			);
			buildRules = (
			);
			dependencies = (
			);
			name = AnimationVC;
			productName = AnimationVC;
			productReference = 9FF4CA781CA134E1005285B4 /* AnimationVC.app */;
			productType = "com.apple.product-type.application";
		};
		9FF4CA901CA134E2005285B4 /* AnimationVCTests */ = {
			isa = PBXNativeTarget;
			buildConfigurationList = 9FF4CAA81CA134E2005285B4 /* Build configuration list for PBXNativeTarget "AnimationVCTests" */;
			buildPhases = (
				9FF4CA8D1CA134E2005285B4 /* Sources */,
				9FF4CA8E1CA134E2005285B4 /* Frameworks */,
				9FF4CA8F1CA134E2005285B4 /* Resources */,
			);
			buildRules = (
			);
			dependencies = (
				9FF4CA931CA134E2005285B4 /* PBXTargetDependency */,
			);
			name = AnimationVCTests;
			productName = AnimationVCTests;
			productReference = 9FF4CA911CA134E2005285B4 /* AnimationVCTests.xctest */;
			productType = "com.apple.product-type.bundle.unit-test";
		};
		9FF4CA9B1CA134E2005285B4 /* AnimationVCUITests */ = {
			isa = PBXNativeTarget;
			buildConfigurationList = 9FF4CAAB1CA134E2005285B4 /* Build configuration list for PBXNativeTarget "AnimationVCUITests" */;
			buildPhases = (
				9FF4CA981CA134E2005285B4 /* Sources */,
				9FF4CA991CA134E2005285B4 /* Frameworks */,
				9FF4CA9A1CA134E2005285B4 /* Resources */,
			);
			buildRules = (
			);
			dependencies = (
				9FF4CA9E1CA134E2005285B4 /* PBXTargetDependency */,
			);
			name = AnimationVCUITests;
			productName = AnimationVCUITests;
			productReference = 9FF4CA9C1CA134E2005285B4 /* AnimationVCUITests.xctest */;
			productType = "com.apple.product-type.bundle.ui-testing";
		};
/* End PBXNativeTarget section */

/* Begin PBXProject section */
		9FF4CA701CA134E1005285B4 /* Project object */ = {
			isa = PBXProject;
			attributes = {
				LastUpgradeCheck = 0720;
				ORGANIZATIONNAME = LQB;
				TargetAttributes = {
					9FF4CA771CA134E1005285B4 = {
						CreatedOnToolsVersion = 7.2;
					};
					9FF4CA901CA134E2005285B4 = {
						CreatedOnToolsVersion = 7.2;
						TestTargetID = 9FF4CA771CA134E1005285B4;
					};
					9FF4CA9B1CA134E2005285B4 = {
						CreatedOnToolsVersion = 7.2;
						TestTargetID = 9FF4CA771CA134E1005285B4;
					};
				};
			};
			buildConfigurationList = 9FF4CA731CA134E1005285B4 /* Build configuration list for PBXProject "AnimationVC" */;
			compatibilityVersion = "Xcode 3.2";
			developmentRegion = English;
			hasScannedForEncodings = 0;
			knownRegions = (
				en,
				Base,
			);
			mainGroup = 9FF4CA6F1CA134E1005285B4;
			productRefGroup = 9FF4CA791CA134E1005285B4 /* Products */;
			projectDirPath = "";
			projectRoot = "";
			targets = (
				9FF4CA771CA134E1005285B4 /* AnimationVC */,
				9FF4CA901CA134E2005285B4 /* AnimationVCTests */,
				9FF4CA9B1CA134E2005285B4 /* AnimationVCUITests */,
			);
		};
/* End PBXProject section */

/* Begin PBXResourcesBuildPhase section */
		9FF4CA761CA134E1005285B4 /* Resources */ = {
			isa = PBXResourcesBuildPhase;
			buildActionMask = 2147483647;
			files = (
				9FF4CA8B1CA134E1005285B4 /* LaunchScreen.storyboard in Resources */,
				9FF4CA881CA134E1005285B4 /* Assets.xcassets in Resources */,
				9FF4CA861CA134E1005285B4 /* Main.storyboard in Resources */,
				9FF4CAB51CA135E2005285B4 /* LQBPresentedViewController.xib in Resources */,
			);
			runOnlyForDeploymentPostprocessing = 0;
		};
		9FF4CA8F1CA134E2005285B4 /* Resources */ = {
			isa = PBXResourcesBuildPhase;
			buildActionMask = 2147483647;
			files = (
			);
			runOnlyForDeploymentPostprocessing = 0;
		};
		9FF4CA9A1CA134E2005285B4 /* Resources */ = {
			isa = PBXResourcesBuildPhase;
			buildActionMask = 2147483647;
			files = (
			);
			runOnlyForDeploymentPostprocessing = 0;
		};
/* End PBXResourcesBuildPhase section */

/* Begin PBXSourcesBuildPhase section */
		9FF4CA741CA134E1005285B4 /* Sources */ = {
			isa = PBXSourcesBuildPhase;
			buildActionMask = 2147483647;
			files = (
				9FF4CA801CA134E1005285B4 /* AppDelegate.m in Sources */,
				9FF4CAB01CA135BC005285B4 /* LQBRootViewController.m in Sources */,
				9FF4CA7D1CA134E1005285B4 /* main.m in Sources */,
				9FF4CAB81CA13631005285B4 /* LQBAnimationViewController.m in Sources */,
				9FF4CAB41CA135E2005285B4 /* LQBPresentedViewController.m in Sources */,
			);
			runOnlyForDeploymentPostprocessing = 0;
		};
		9FF4CA8D1CA134E2005285B4 /* Sources */ = {
			isa = PBXSourcesBuildPhase;
			buildActionMask = 2147483647;
			files = (
				9FF4CA961CA134E2005285B4 /* AnimationVCTests.m in Sources */,
			);
			runOnlyForDeploymentPostprocessing = 0;
		};
		9FF4CA981CA134E2005285B4 /* Sources */ = {
			isa = PBXSourcesBuildPhase;
			buildActionMask = 2147483647;
			files = (
				9FF4CAA11CA134E2005285B4 /* AnimationVCUITests.m in Sources */,
			);
			runOnlyForDeploymentPostprocessing = 0;
		};
/* End PBXSourcesBuildPhase section */

/* Begin PBXTargetDependency section */
		9FF4CA931CA134E2005285B4 /* PBXTargetDependency */ = {
			isa = PBXTargetDependency;
			target = 9FF4CA771CA134E1005285B4 /* AnimationVC */;
			targetProxy = 9FF4CA921CA134E2005285B4 /* PBXContainerItemProxy */;
		};
		9FF4CA9E1CA134E2005285B4 /* PBXTargetDependency */ = {
			isa = PBXTargetDependency;
			target = 9FF4CA771CA134E1005285B4 /* AnimationVC */;
			targetProxy = 9FF4CA9D1CA134E2005285B4 /* PBXContainerItemProxy */;
		};
/* End PBXTargetDependency section */

/* Begin PBXVariantGroup section */
		9FF4CA841CA134E1005285B4 /* Main.storyboard */ = {
			isa = PBXVariantGroup;
			children = (
				9FF4CA851CA134E1005285B4 /* Base */,
			);
			name = Main.storyboard;
			sourceTree = "<group>";
		};
		9FF4CA891CA134E1005285B4 /* LaunchScreen.storyboard */ = {
			isa = PBXVariantGroup;
			children = (
				9FF4CA8A1CA134E1005285B4 /* Base */,
			);
			name = LaunchScreen.storyboard;
			sourceTree = "<group>";
		};
/* End PBXVariantGroup section */

/* Begin XCBuildConfiguration section */
		9FF4CAA31CA134E2005285B4 /* Debug */ = {
			isa = XCBuildConfiguration;
			buildSettings = {
				ALWAYS_SEARCH_USER_PATHS = NO;
				CLANG_CXX_LANGUAGE_STANDARD = "gnu++0x";
				CLANG_CXX_LIBRARY = "libc++";
				CLANG_ENABLE_MODULES = YES;
				CLANG_ENABLE_OBJC_ARC = YES;
				CLANG_WARN_BOOL_CONVERSION = YES;
				CLANG_WARN_CONSTANT_CONVERSION = YES;
				CLANG_WARN_DIRECT_OBJC_ISA_USAGE = YES_ERROR;
				CLANG_WARN_EMPTY_BODY = YES;
				CLANG_WARN_ENUM_CONVERSION = YES;
				CLANG_WARN_INT_CONVERSION = YES;
				CLANG_WARN_OBJC_ROOT_CLASS = YES_ERROR;
				CLANG_WARN_UNREACHABLE_CODE = YES;
				CLANG_WARN__DUPLICATE_METHOD_MATCH = YES;
				"CODE_SIGN_IDENTITY[sdk=iphoneos*]" = "iPhone Developer";
				COPY_PHASE_STRIP = NO;
				DEBUG_INFORMATION_FORMAT = dwarf;
				ENABLE_STRICT_OBJC_MSGSEND = YES;
				ENABLE_TESTABILITY = YES;
				GCC_C_LANGUAGE_STANDARD = gnu99;
				GCC_DYNAMIC_NO_PIC = NO;
				GCC_NO_COMMON_BLOCKS = YES;
				GCC_OPTIMIZATION_LEVEL = 0;
				GCC_PREPROCESSOR_DEFINITIONS = (
					"DEBUG=1",
					"$(inherited)",
				);
				GCC_WARN_64_TO_32_BIT_CONVERSION = YES;
				GCC_WARN_ABOUT_RETURN_TYPE = YES_ERROR;
				GCC_WARN_UNDECLARED_SELECTOR = YES;
				GCC_WARN_UNINITIALIZED_AUTOS = YES_AGGRESSIVE;
				GCC_WARN_UNUSED_FUNCTION = YES;
				GCC_WARN_UNUSED_VARIABLE = YES;
				IPHONEOS_DEPLOYMENT_TARGET = 9.2;
				MTL_ENABLE_DEBUG_INFO = YES;
				ONLY_ACTIVE_ARCH = YES;
				SDKROOT = iphoneos;
			};
			name = Debug;
		};
		9FF4CAA41CA134E2005285B4 /* Release */ = {
			isa = XCBuildConfiguration;
			buildSettings = {
				ALWAYS_SEARCH_USER_PATHS = NO;
				CLANG_CXX_LANGUAGE_STANDARD = "gnu++0x";
				CLANG_CXX_LIBRARY = "libc++";
				CLANG_ENABLE_MODULES = YES;
				CLANG_ENABLE_OBJC_ARC = YES;
				CLANG_WARN_BOOL_CONVERSION = YES;
				CLANG_WARN_CONSTANT_CONVERSION = YES;
				CLANG_WARN_DIRECT_OBJC_ISA_USAGE = YES_ERROR;
				CLANG_WARN_EMPTY_BODY = YES;
				CLANG_WARN_ENUM_CONVERSION = YES;
				CLANG_WARN_INT_CONVERSION = YES;
				CLANG_WARN_OBJC_ROOT_CLASS = YES_ERROR;
				CLANG_WARN_UNREACHABLE_CODE = YES;
				CLANG_WARN__DUPLICATE_METHOD_MATCH = YES;
				"CODE_SIGN_IDENTITY[sdk=iphoneos*]" = "iPhone Developer";
				COPY_PHASE_STRIP = NO;
				DEBUG_INFORMATION_FORMAT = "dwarf-with-dsym";
				ENABLE_NS_ASSERTIONS = NO;
				ENABLE_STRICT_OBJC_MSGSEND = YES;
				GCC_C_LANGUAGE_STANDARD = gnu99;
				GCC_NO_COMMON_BLOCKS = YES;
				GCC_WARN_64_TO_32_BIT_CONVERSION = YES;
				GCC_WARN_ABOUT_RETURN_TYPE = YES_ERROR;
				GCC_WARN_UNDECLARED_SELECTOR = YES;
				GCC_WARN_UNINITIALIZED_AUTOS = YES_AGGRESSIVE;
				GCC_WARN_UNUSED_FUNCTION = YES;
				GCC_WARN_UNUSED_VARIABLE = YES;
				IPHONEOS_DEPLOYMENT_TARGET = 9.2;
				MTL_ENABLE_DEBUG_INFO = NO;
				SDKROOT = iphoneos;
				VALIDATE_PRODUCT = YES;
			};
			name = Release;
		};
		9FF4CAA61CA134E2005285B4 /* Debug */ = {
			isa = XCBuildConfiguration;
			buildSettings = {
				ASSETCATALOG_COMPILER_APPICON_NAME = AppIcon;
				INFOPLIST_FILE = AnimationVC/Info.plist;
				LD_RUNPATH_SEARCH_PATHS = "$(inherited) @executable_path/Frameworks";
				PRODUCT_BUNDLE_IDENTIFIER = LQB.AnimationVC;
				PRODUCT_NAME = "$(TARGET_NAME)";
			};
			name = Debug;
		};
		9FF4CAA71CA134E2005285B4 /* Release */ = {
			isa = XCBuildConfiguration;
			buildSettings = {
				ASSETCATALOG_COMPILER_APPICON_NAME = AppIcon;
				INFOPLIST_FILE = AnimationVC/Info.plist;
				LD_RUNPATH_SEARCH_PATHS = "$(inherited) @executable_path/Frameworks";
				PRODUCT_BUNDLE_IDENTIFIER = LQB.AnimationVC;
				PRODUCT_NAME = "$(TARGET_NAME)";
			};
			name = Release;
		};
		9FF4CAA91CA134E2005285B4 /* Debug */ = {
			isa = XCBuildConfiguration;
			buildSettings = {
				BUNDLE_LOADER = "$(TEST_HOST)";
				INFOPLIST_FILE = AnimationVCTests/Info.plist;
				LD_RUNPATH_SEARCH_PATHS = "$(inherited) @executable_path/Frameworks @loader_path/Frameworks";
				PRODUCT_BUNDLE_IDENTIFIER = LQB.AnimationVCTests;
				PRODUCT_NAME = "$(TARGET_NAME)";
				TEST_HOST = "$(BUILT_PRODUCTS_DIR)/AnimationVC.app/AnimationVC";
			};
			name = Debug;
		};
		9FF4CAAA1CA134E2005285B4 /* Release */ = {
			isa = XCBuildConfiguration;
			buildSettings = {
				BUNDLE_LOADER = "$(TEST_HOST)";
				INFOPLIST_FILE = AnimationVCTests/Info.plist;
				LD_RUNPATH_SEARCH_PATHS = "$(inherited) @executable_path/Frameworks @loader_path/Frameworks";
				PRODUCT_BUNDLE_IDENTIFIER = LQB.AnimationVCTests;
				PRODUCT_NAME = "$(TARGET_NAME)";
				TEST_HOST = "$(BUILT_PRODUCTS_DIR)/AnimationVC.app/AnimationVC";
			};
			name = Release;
		};
		9FF4CAAC1CA134E2005285B4 /* Debug */ = {
			isa = XCBuildConfiguration;
			buildSettings = {
				INFOPLIST_FILE = AnimationVCUITests/Info.plist;
				LD_RUNPATH_SEARCH_PATHS = "$(inherited) @executable_path/Frameworks @loader_path/Frameworks";
				PRODUCT_BUNDLE_IDENTIFIER = LQB.AnimationVCUITests;
				PRODUCT_NAME = "$(TARGET_NAME)";
				TEST_TARGET_NAME = AnimationVC;
				USES_XCTRUNNER = YES;
			};
			name = Debug;
		};
		9FF4CAAD1CA134E2005285B4 /* Release */ = {
			isa = XCBuildConfiguration;
			buildSettings = {
				INFOPLIST_FILE = AnimationVCUITests/Info.plist;
				LD_RUNPATH_SEARCH_PATHS = "$(inherited) @executable_path/Frameworks @loader_path/Frameworks";
				PRODUCT_BUNDLE_IDENTIFIER = LQB.AnimationVCUITests;
				PRODUCT_NAME = "$(TARGET_NAME)";
				TEST_TARGET_NAME = AnimationVC;
				USES_XCTRUNNER = YES;
			};
			name = Release;
		};
/* End XCBuildConfiguration section */

/* Begin XCConfigurationList section */
		9FF4CA731CA134E1005285B4 /* Build configuration list for PBXProject "AnimationVC" */ = {
			isa = XCConfigurationList;
			buildConfigurations = (
				9FF4CAA31CA134E2005285B4 /* Debug */,
				9FF4CAA41CA134E2005285B4 /* Release */,
			);
			defaultConfigurationIsVisible = 0;
			defaultConfigurationName = Release;
		};
		9FF4CAA51CA134E2005285B4 /* Build configuration list for PBXNativeTarget "AnimationVC" */ = {
			isa = XCConfigurationList;
			buildConfigurations = (
				9FF4CAA61CA134E2005285B4 /* Debug */,
				9FF4CAA71CA134E2005285B4 /* Release */,
			);
			defaultConfigurationIsVisible = 0;
		};
		9FF4CAA81CA134E2005285B4 /* Build configuration list for PBXNativeTarget "AnimationVCTests" */ = {
			isa = XCConfigurationList;
			buildConfigurations = (
				9FF4CAA91CA134E2005285B4 /* Debug */,
				9FF4CAAA1CA134E2005285B4 /* Release */,
			);
			defaultConfigurationIsVisible = 0;
		};
		9FF4CAAB1CA134E2005285B4 /* Build configuration list for PBXNativeTarget "AnimationVCUITests" */ = {
			isa = XCConfigurationList;
			buildConfigurations = (
				9FF4CAAC1CA134E2005285B4 /* Debug */,
				9FF4CAAD1CA134E2005285B4 /* Release */,
			);
			defaultConfigurationIsVisible = 0;
		};
/* End XCConfigurationList section */
	};
	rootObject = 9FF4CA701CA134E1005285B4 /* Project object */;
}
